
Microsoft Visual Studio Solution File, Format Version 12.00
# Visual Studio Version 17
VisualStudioVersion = 17.8.34511.84
MinimumVisualStudioVersion = 10.0.40219.1
Project("{8BC9CEB8-8B4A-11D0-8D11-00A0C91BC942}") = "Airgead Banking Code", "Airgead Banking Code\Airgead Banking Code.vcxproj", "{6462592B-0304-4FB2-8909-300922D44D5C}"
EndProject
Global
	GlobalSection(SolutionConfigurationPlatforms) = preSolution
		Debug|x64 = Debug|x64
		Debug|x86 = Debug|x86
		Release|x64 = Release|x64
		Release|x86 = Release|x86
	EndGlobalSection
	GlobalSection(ProjectConfigurationPlatforms) = postSolution
		{6462592B-0304-4FB2-8909-300922D44D5C}.Debug|x64.ActiveCfg = Debug|x64
		{6462592B-0304-4FB2-8909-300922D44D5C}.Debug|x64.Build.0 = Debug|x64
		{6462592B-0304-4FB2-8909-300922D44D5C}.Debug|x86.ActiveCfg = Debug|Win32
		{6462592B-0304-4FB2-8909-300922D44D5C}.Debug|x86.Build.0 = Debug|Win32
		{6462592B-0304-4FB2-8909-300922D44D5C}.Release|x64.ActiveCfg = Release|x64
		{6462592B-0304-4FB2-8909-300922D44D5C}.Release|x64.Build.0 = Release|x64
		{6462592B-0304-4FB2-8909-300922D44D5C}.Release|x86.ActiveCfg = Release|Win32
		{6462592B-0304-4FB2-8909-300922D44D5C}.Release|x86.Build.0 = Release|Win32
	EndGlobalSection
	GlobalSection(SolutionProperties) = preSolution
		HideSolutionNode = FALSE
	EndGlobalSection
	GlobalSection(ExtensibilityGlobals) = postSolution
		SolutionGuid = {DEA4F636-1D75-4E63-AA4A-217AC6005E95}
	EndGlobalSection
EndGlobal
